// !$*UTF8*$!
{
	archiveVersion = 1;
	classes = {
	};
	objectVersion = 46;
	objects = {

/* Begin PBXBuildFile section */
		8BEF74E31AD2C77100361852 /* AppDelegate.swift in Sources */ = {isa = PBXBuildFile; fileRef = 8BEF74E21AD2C77100361852 /* AppDelegate.swift */; };
		8BEF74E61AD2C77100361852 /* pic.xcdatamodeld in Sources */ = {isa = PBXBuildFile; fileRef = 8BEF74E41AD2C77100361852 /* pic.xcdatamodeld */; };
		8BEF74EB1AD2C77100361852 /* Main.storyboard in Resources */ = {isa = PBXBuildFile; fileRef = 8BEF74E91AD2C77100361852 /* Main.storyboard */; };
		8BEF74ED1AD2C77100361852 /* Images.xcassets in Resources */ = {isa = PBXBuildFile; fileRef = 8BEF74EC1AD2C77100361852 /* Images.xcassets */; };
		8BEF74F01AD2C77100361852 /* LaunchScreen.xib in Resources */ = {isa = PBXBuildFile; fileRef = 8BEF74EE1AD2C77100361852 /* LaunchScreen.xib */; };
		8BEF74FC1AD2C77100361852 /* picTests.swift in Sources */ = {isa = PBXBuildFile; fileRef = 8BEF74FB1AD2C77100361852 /* picTests.swift */; };
/* End PBXBuildFile section */

/* Begin PBXContainerItemProxy section */
		8BEF74F61AD2C77100361852 /* PBXContainerItemProxy */ = {
			isa = PBXContainerItemProxy;
			containerPortal = 8BEF74D51AD2C77100361852 /* Project object */;
			proxyType = 1;
			remoteGlobalIDString = 8BEF74DC1AD2C77100361852;
			remoteInfo = pic;
		};
/* End PBXContainerItemProxy section */

/* Begin PBXFileReference section */
		8BEF74DD1AD2C77100361852 /* pic.app */ = {isa = PBXFileReference; explicitFileType = wrapper.application; includeInIndex = 0; path = pic.app; sourceTree = BUILT_PRODUCTS_DIR; };
		8BEF74E11AD2C77100361852 /* Info.plist */ = {isa = PBXFileReference; lastKnownFileType = text.plist.xml; path = Info.plist; sourceTree = "<group>"; };
		8BEF74E21AD2C77100361852 /* AppDelegate.swift */ = {isa = PBXFileReference; lastKnownFileType = sourcecode.swift; path = AppDelegate.swift; sourceTree = "<group>"; };
		8BEF74E51AD2C77100361852 /* pic.xcdatamodel */ = {isa = PBXFileReference; lastKnownFileType = wrapper.xcdatamodel; path = pic.xcdatamodel; sourceTree = "<group>"; };
		8BEF74EA1AD2C77100361852 /* Base */ = {isa = PBXFileReference; lastKnownFileType = file.storyboard; name = Base; path = Base.lproj/Main.storyboard; sourceTree = "<group>"; };
		8BEF74EC1AD2C77100361852 /* Images.xcassets */ = {isa = PBXFileReference; lastKnownFileType = folder.assetcatalog; path = Images.xcassets; sourceTree = "<group>"; };
		8BEF74EF1AD2C77100361852 /* Base */ = {isa = PBXFileReference; lastKnownFileType = file.xib; name = Base; path = Base.lproj/LaunchScreen.xib; sourceTree = "<group>"; };
		8BEF74F51AD2C77100361852 /* picTests.xctest */ = {isa = PBXFileReference; explicitFileType = wrapper.cfbundle; includeInIndex = 0; path = picTests.xctest; sourceTree = BUILT_PRODUCTS_DIR; };
		8BEF74FA1AD2C77100361852 /* Info.plist */ = {isa = PBXFileReference; lastKnownFileType = text.plist.xml; path = Info.plist; sourceTree = "<group>"; };
		8BEF74FB1AD2C77100361852 /* picTests.swift */ = {isa = PBXFileReference; lastKnownFileType = sourcecode.swift; path = picTests.swift; sourceTree = "<group>"; };
/* End PBXFileReference section */

/* Begin PBXFrameworksBuildPhase section */
		8BEF74DA1AD2C77100361852 /* Frameworks */ = {
			isa = PBXFrameworksBuildPhase;
			buildActionMask = 2147483647;
			files = (
			);
			runOnlyForDeploymentPostprocessing = 0;
		};
		8BEF74F21AD2C77100361852 /* Frameworks */ = {
			isa = PBXFrameworksBuildPhase;
			buildActionMask = 2147483647;
			files = (
			);
			runOnlyForDeploymentPostprocessing = 0;
		};
/* End PBXFrameworksBuildPhase section */

/* Begin PBXGroup section */
		8BEF74D41AD2C77100361852 = {
			isa = PBXGroup;
			children = (
				8BEF74DF1AD2C77100361852 /* pic */,
				8BEF74F81AD2C77100361852 /* picTests */,
				8BEF74DE1AD2C77100361852 /* Products */,
			);
			sourceTree = "<group>";
		};
		8BEF74DE1AD2C77100361852 /* Products */ = {
			isa = PBXGroup;
			children = (
				8BEF74DD1AD2C77100361852 /* pic.app */,
				8BEF74F51AD2C77100361852 /* picTests.xctest */,
			);
			name = Products;
			sourceTree = "<group>";
		};
		8BEF74DF1AD2C77100361852 /* pic */ = {
			isa = PBXGroup;
			children = (
				8BEF74E21AD2C77100361852 /* AppDelegate.swift */,
				8BEF74E91AD2C77100361852 /* Main.storyboard */,
				8BEF74EC1AD2C77100361852 /* Images.xcassets */,
				8BEF74EE1AD2C77100361852 /* LaunchScreen.xib */,
				8BEF74E41AD2C77100361852 /* pic.xcdatamodeld */,
				8BEF74E01AD2C77100361852 /* Supporting Files */,
			);
			path = pic;
			sourceTree = "<group>";
		};
		8BEF74E01AD2C77100361852 /* Supporting Files */ = {
			isa = PBXGroup;
			children = (
				8BEF74E11AD2C77100361852 /* Info.plist */,
			);
			name = "Supporting Files";
			sourceTree = "<group>";
		};
		8BEF74F81AD2C77100361852 /* picTests */ = {
			isa = PBXGroup;
			children = (
				8BEF74FB1AD2C77100361852 /* picTests.swift */,
				8BEF74F91AD2C77100361852 /* Supporting Files */,
			);
			path = picTests;
			sourceTree = "<group>";
		};
		8BEF74F91AD2C77100361852 /* Supporting Files */ = {
			isa = PBXGroup;
			children = (
				8BEF74FA1AD2C77100361852 /* Info.plist */,
			);
			name = "Supporting Files";
			sourceTree = "<group>";
		};
/* End PBXGroup section */

/* Begin PBXNativeTarget section */
		8BEF74DC1AD2C77100361852 /* pic */ = {
			isa = PBXNativeTarget;
			buildConfigurationList = 8BEF74FF1AD2C77100361852 /* Build configuration list for PBXNativeTarget "pic" */;
			buildPhases = (
				8BEF74D91AD2C77100361852 /* Sources */,
				8BEF74DA1AD2C77100361852 /* Frameworks */,
				8BEF74DB1AD2C77100361852 /* Resources */,
			);
			buildRules = (
			);
			dependencies = (
			);
			name = pic;
			productName = pic;
			productReference = 8BEF74DD1AD2C77100361852 /* pic.app */;
			productType = "com.apple.product-type.application";
		};
		8BEF74F41AD2C77100361852 /* picTests */ = {
			isa = PBXNativeTarget;
			buildConfigurationList = 8BEF75021AD2C77100361852 /* Build configuration list for PBXNativeTarget "picTests" */;
			buildPhases = (
				8BEF74F11AD2C77100361852 /* Sources */,
				8BEF74F21AD2C77100361852 /* Frameworks */,
				8BEF74F31AD2C77100361852 /* Resources */,
			);
			buildRules = (
			);
			dependencies = (
				8BEF74F71AD2C77100361852 /* PBXTargetDependency */,
			);
			name = picTests;
			productName = picTests;
			productReference = 8BEF74F51AD2C77100361852 /* picTests.xctest */;
			productType = "com.apple.product-type.bundle.unit-test";
		};
/* End PBXNativeTarget section */

/* Begin PBXProject section */
		8BEF74D51AD2C77100361852 /* Project object */ = {
			isa = PBXProject;
			attributes = {
				LastUpgradeCheck = 0620;
				ORGANIZATIONNAME = www.ieake.com;
				TargetAttributes = {
					8BEF74DC1AD2C77100361852 = {
						CreatedOnToolsVersion = 6.2;
					};
					8BEF74F41AD2C77100361852 = {
						CreatedOnToolsVersion = 6.2;
						TestTargetID = 8BEF74DC1AD2C77100361852;
					};
				};
			};
			buildConfigurationList = 8BEF74D81AD2C77100361852 /* Build configuration list for PBXProject "pic" */;
			compatibilityVersion = "Xcode 3.2";
			developmentRegion = English;
			hasScannedForEncodings = 0;
			knownRegions = (
				en,
				Base,
			);
			mainGroup = 8BEF74D41AD2C77100361852;
			productRefGroup = 8BEF74DE1AD2C77100361852 /* Products */;
			projectDirPath = "";
			projectRoot = "";
			targets = (
				8BEF74DC1AD2C77100361852 /* pic */,
				8BEF74F41AD2C77100361852 /* picTests */,
			);
		};
/* End PBXProject section */

/* Begin PBXResourcesBuildPhase section */
		8BEF74DB1AD2C77100361852 /* Resources */ = {
			isa = PBXResourcesBuildPhase;
			buildActionMask = 2147483647;
			files = (
				8BEF74EB1AD2C77100361852 /* Main.storyboard in Resources */,
				8BEF74F01AD2C77100361852 /* LaunchScreen.xib in Resources */,
				8BEF74ED1AD2C77100361852 /* Images.xcassets in Resources */,
			);
			runOnlyForDeploymentPostprocessing = 0;
		};
		8BEF74F31AD2C77100361852 /* Resources */ = {
			isa = PBXResourcesBuildPhase;
			buildActionMask = 2147483647;
			files = (
			);
			runOnlyForDeploymentPostprocessing = 0;
		};
/* End PBXResourcesBuildPhase section */

/* Begin PBXSourcesBuildPhase section */
		8BEF74D91AD2C77100361852 /* Sources */ = {
			isa = PBXSourcesBuildPhase;
			buildActionMask = 2147483647;
			files = (
				8BEF74E61AD2C77100361852 /* pic.xcdatamodeld in Sources */,
				8BEF74E31AD2C77100361852 /* AppDelegate.swift in Sources */,
			);
			runOnlyForDeploymentPostprocessing = 0;
		};
		8BEF74F11AD2C77100361852 /* Sources */ = {
			isa = PBXSourcesBuildPhase;
			buildActionMask = 2147483647;
			files = (
				8BEF74FC1AD2C77100361852 /* picTests.swift in Sources */,
			);
			runOnlyForDeploymentPostprocessing = 0;
		};
/* End PBXSourcesBuildPhase section */

/* Begin PBXTargetDependency section */
		8BEF74F71AD2C77100361852 /* PBXTargetDependency */ = {
			isa = PBXTargetDependency;
			target = 8BEF74DC1AD2C77100361852 /* pic */;
			targetProxy = 8BEF74F61AD2C77100361852 /* PBXContainerItemProxy */;
		};
/* End PBXTargetDependency section */

/* Begin PBXVariantGroup section */
		8BEF74E91AD2C77100361852 /* Main.storyboard */ = {
			isa = PBXVariantGroup;
			children = (
				8BEF74EA1AD2C77100361852 /* Base */,
			);
			name = Main.storyboard;
			sourceTree = "<group>";
		};
		8BEF74EE1AD2C77100361852 /* LaunchScreen.xib */ = {
			isa = PBXVariantGroup;
			children = (
				8BEF74EF1AD2C77100361852 /* Base */,
			);
			name = LaunchScreen.xib;
			sourceTree = "<group>";
		};
/* End PBXVariantGroup section */

/* Begin XCBuildConfiguration section */
		8BEF74FD1AD2C77100361852 /* Debug */ = {
			isa = XCBuildConfiguration;
			buildSettings = {
				ALWAYS_SEARCH_USER_PATHS = NO;
				CLANG_CXX_LANGUAGE_STANDARD = "gnu++0x";
				CLANG_CXX_LIBRARY = "libc++";
				CLANG_ENABLE_MODULES = YES;
				CLANG_ENABLE_OBJC_ARC = YES;
				CLANG_WARN_BOOL_CONVERSION = YES;
				CLANG_WARN_CONSTANT_CONVERSION = YES;
				CLANG_WARN_DIRECT_OBJC_ISA_USAGE = YES_ERROR;
				CLANG_WARN_EMPTY_BODY = YES;
				CLANG_WARN_ENUM_CONVERSION = YES;
				CLANG_WARN_INT_CONVERSION = YES;
				CLANG_WARN_OBJC_ROOT_CLASS = YES_ERROR;
				CLANG_WARN_UNREACHABLE_CODE = YES;
				CLANG_WARN__DUPLICATE_METHOD_MATCH = YES;
				"CODE_SIGN_IDENTITY[sdk=iphoneos*]" = "iPhone Developer";
				COPY_PHASE_STRIP = NO;
				ENABLE_STRICT_OBJC_MSGSEND = YES;
				GCC_C_LANGUAGE_STANDARD = gnu99;
				GCC_DYNAMIC_NO_PIC = NO;
				GCC_OPTIMIZATION_LEVEL = 0;
				GCC_PREPROCESSOR_DEFINITIONS = (
					"DEBUG=1",
					"$(inherited)",
				);
				GCC_SYMBOLS_PRIVATE_EXTERN = NO;
				GCC_WARN_64_TO_32_BIT_CONVERSION = YES;
				GCC_WARN_ABOUT_RETURN_TYPE = YES_ERROR;
				GCC_WARN_UNDECLARED_SELECTOR = YES;
				GCC_WARN_UNINITIALIZED_AUTOS = YES_AGGRESSIVE;
				GCC_WARN_UNUSED_FUNCTION = YES;
				GCC_WARN_UNUSED_VARIABLE = YES;
				IPHONEOS_DEPLOYMENT_TARGET = 8.2;
				MTL_ENABLE_DEBUG_INFO = YES;
				ONLY_ACTIVE_ARCH = YES;
				SDKROOT = iphoneos;
				SWIFT_OPTIMIZATION_LEVEL = "-Onone";
				TARGETED_DEVICE_FAMILY = "1,2";
			};
			name = Debug;
		};
		8BEF74FE1AD2C77100361852 /* Release */ = {
			isa = XCBuildConfiguration;
			buildSettings = {
				ALWAYS_SEARCH_USER_PATHS = NO;
				CLANG_CXX_LANGUAGE_STANDARD = "gnu++0x";
				CLANG_CXX_LIBRARY = "libc++";
				CLANG_ENABLE_MODULES = YES;
				CLANG_ENABLE_OBJC_ARC = YES;
				CLANG_WARN_BOOL_CONVERSION = YES;
				CLANG_WARN_CONSTANT_CONVERSION = YES;
				CLANG_WARN_DIRECT_OBJC_ISA_USAGE = YES_ERROR;
				CLANG_WARN_EMPTY_BODY = YES;
				CLANG_WARN_ENUM_CONVERSION = YES;
				CLANG_WARN_INT_CONVERSION = YES;
				CLANG_WARN_OBJC_ROOT_CLASS = YES_ERROR;
				CLANG_WARN_UNREACHABLE_CODE = YES;
				CLANG_WARN__DUPLICATE_METHOD_MATCH = YES;
				"CODE_SIGN_IDENTITY[sdk=iphoneos*]" = "iPhone Developer";
				COPY_PHASE_STRIP = NO;
				ENABLE_NS_ASSERTIONS = NO;
				ENABLE_STRICT_OBJC_MSGSEND = YES;
				GCC_C_LANGUAGE_STANDARD = gnu99;
				GCC_WARN_64_TO_32_BIT_CONVERSION = YES;
				GCC_WARN_ABOUT_RETURN_TYPE = YES_ERROR;
				GCC_WARN_UNDECLARED_SELECTOR = YES;
				GCC_WARN_UNINITIALIZED_AUTOS = YES_AGGRESSIVE;
				GCC_WARN_UNUSED_FUNCTION = YES;
				GCC_WARN_UNUSED_VARIABLE = YES;
				IPHONEOS_DEPLOYMENT_TARGET = 8.2;
				MTL_ENABLE_DEBUG_INFO = NO;
				SDKROOT = iphoneos;
				TARGETED_DEVICE_FAMILY = "1,2";
				VALIDATE_PRODUCT = YES;
			};
			name = Release;
		};
		8BEF75001AD2C77100361852 /* Debug */ = {
			isa = XCBuildConfiguration;
			buildSettings = {
				ASSETCATALOG_COMPILER_APPICON_NAME = AppIcon;
				INFOPLIST_FILE = pic/Info.plist;
				LD_RUNPATH_SEARCH_PATHS = "$(inherited) @executable_path/Frameworks";
				PRODUCT_NAME = "$(TARGET_NAME)";
			};
			name = Debug;
		};
		8BEF75011AD2C77100361852 /* Release */ = {
			isa = XCBuildConfiguration;
			buildSettings = {
				ASSETCATALOG_COMPILER_APPICON_NAME = AppIcon;
				INFOPLIST_FILE = pic/Info.plist;
				LD_RUNPATH_SEARCH_PATHS = "$(inherited) @executable_path/Frameworks";
				PRODUCT_NAME = "$(TARGET_NAME)";
			};
			name = Release;
		};
		8BEF75031AD2C77100361852 /* Debug */ = {
			isa = XCBuildConfiguration;
			buildSettings = {
				BUNDLE_LOADER = "$(TEST_HOST)";
				FRAMEWORK_SEARCH_PATHS = (
					"$(SDKROOT)/Developer/Library/Frameworks",
					"$(inherited)",
				);
				GCC_PREPROCESSOR_DEFINITIONS = (
					"DEBUG=1",
					"$(inherited)",
				);
				INFOPLIST_FILE = picTests/Info.plist;
				LD_RUNPATH_SEARCH_PATHS = "$(inherited) @executable_path/Frameworks @loader_path/Frameworks";
				PRODUCT_NAME = "$(TARGET_NAME)";
				TEST_HOST = "$(BUILT_PRODUCTS_DIR)/pic.app/pic";
			};
			name = Debug;
		};
		8BEF75041AD2C77100361852 /* Release */ = {
			isa = XCBuildConfiguration;
			buildSettings = {
				BUNDLE_LOADER = "$(TEST_HOST)";
				FRAMEWORK_SEARCH_PATHS = (
					"$(SDKROOT)/Developer/Library/Frameworks",
					"$(inherited)",
				);
				INFOPLIST_FILE = picTests/Info.plist;
				LD_RUNPATH_SEARCH_PATHS = "$(inherited) @executable_path/Frameworks @loader_path/Frameworks";
				PRODUCT_NAME = "$(TARGET_NAME)";
				TEST_HOST = "$(BUILT_PRODUCTS_DIR)/pic.app/pic";
			};
			name = Release;
		};
/* End XCBuildConfiguration section */

/* Begin XCConfigurationList section */
		8BEF74D81AD2C77100361852 /* Build configuration list for PBXProject "pic" */ = {
			isa = XCConfigurationList;
			buildConfigurations = (
				8BEF74FD1AD2C77100361852 /* Debug */,
				8BEF74FE1AD2C77100361852 /* Release */,
			);
			defaultConfigurationIsVisible = 0;
			defaultConfigurationName = Release;
		};
		8BEF74FF1AD2C77100361852 /* Build configuration list for PBXNativeTarget "pic" */ = {
			isa = XCConfigurationList;
			buildConfigurations = (
				8BEF75001AD2C77100361852 /* Debug */,
				8BEF75011AD2C77100361852 /* Release */,
			);
			defaultConfigurationIsVisible = 0;
		};
		8BEF75021AD2C77100361852 /* Build configuration list for PBXNativeTarget "picTests" */ = {
			isa = XCConfigurationList;
			buildConfigurations = (
				8BEF75031AD2C77100361852 /* Debug */,
				8BEF75041AD2C77100361852 /* Release */,
			);
			defaultConfigurationIsVisible = 0;
		};
/* End XCConfigurationList section */

/* Begin XCVersionGroup section */
		8BEF74E41AD2C77100361852 /* pic.xcdatamodeld */ = {
			isa = XCVersionGroup;
			children = (
				8BEF74E51AD2C77100361852 /* pic.xcdatamodel */,
			);
			currentVersion = 8BEF74E51AD2C77100361852 /* pic.xcdatamodel */;
			path = pic.xcdatamodeld;
			sourceTree = "<group>";
			versionGroupType = wrapper.xcdatamodel;
		};
/* End XCVersionGroup section */
	};
	rootObject = 8BEF74D51AD2C77100361852 /* Project object */;
}
