// !$*UTF8*$!
{
	archiveVersion = 1;
	classes = {
	};
	objectVersion = 46;
	objects = {

/* Begin PBXBuildFile section */
		8B29FD291BC61414000384BA /* AppDelegate.swift in Sources */ = {isa = PBXBuildFile; fileRef = 8B29FD281BC61414000384BA /* AppDelegate.swift */; };
		8B29FD2B1BC61414000384BA /* ViewController.swift in Sources */ = {isa = PBXBuildFile; fileRef = 8B29FD2A1BC61414000384BA /* ViewController.swift */; };
		8B29FD2E1BC61414000384BA /* Main.storyboard in Resources */ = {isa = PBXBuildFile; fileRef = 8B29FD2C1BC61414000384BA /* Main.storyboard */; };
		8B29FD311BC61414000384BA /* myPasswordHD.xcdatamodeld in Sources */ = {isa = PBXBuildFile; fileRef = 8B29FD2F1BC61414000384BA /* myPasswordHD.xcdatamodeld */; };
		8B29FD331BC61414000384BA /* Assets.xcassets in Resources */ = {isa = PBXBuildFile; fileRef = 8B29FD321BC61414000384BA /* Assets.xcassets */; };
		8B29FD361BC61414000384BA /* LaunchScreen.storyboard in Resources */ = {isa = PBXBuildFile; fileRef = 8B29FD341BC61414000384BA /* LaunchScreen.storyboard */; };
		8B29FD411BC61415000384BA /* myPasswordHDTests.swift in Sources */ = {isa = PBXBuildFile; fileRef = 8B29FD401BC61415000384BA /* myPasswordHDTests.swift */; };
		8B29FD4C1BC61415000384BA /* myPasswordHDUITests.swift in Sources */ = {isa = PBXBuildFile; fileRef = 8B29FD4B1BC61415000384BA /* myPasswordHDUITests.swift */; };
/* End PBXBuildFile section */

/* Begin PBXContainerItemProxy section */
		8B29FD3D1BC61415000384BA /* PBXContainerItemProxy */ = {
			isa = PBXContainerItemProxy;
			containerPortal = 8B29FD1D1BC61414000384BA /* Project object */;
			proxyType = 1;
			remoteGlobalIDString = 8B29FD241BC61414000384BA;
			remoteInfo = myPasswordHD;
		};
		8B29FD481BC61415000384BA /* PBXContainerItemProxy */ = {
			isa = PBXContainerItemProxy;
			containerPortal = 8B29FD1D1BC61414000384BA /* Project object */;
			proxyType = 1;
			remoteGlobalIDString = 8B29FD241BC61414000384BA;
			remoteInfo = myPasswordHD;
		};
/* End PBXContainerItemProxy section */

/* Begin PBXFileReference section */
		8B29FD251BC61414000384BA /* myPasswordHD.app */ = {isa = PBXFileReference; explicitFileType = wrapper.application; includeInIndex = 0; path = myPasswordHD.app; sourceTree = BUILT_PRODUCTS_DIR; };
		8B29FD281BC61414000384BA /* AppDelegate.swift */ = {isa = PBXFileReference; lastKnownFileType = sourcecode.swift; path = AppDelegate.swift; sourceTree = "<group>"; };
		8B29FD2A1BC61414000384BA /* ViewController.swift */ = {isa = PBXFileReference; lastKnownFileType = sourcecode.swift; path = ViewController.swift; sourceTree = "<group>"; };
		8B29FD2D1BC61414000384BA /* Base */ = {isa = PBXFileReference; lastKnownFileType = file.storyboard; name = Base; path = Base.lproj/Main.storyboard; sourceTree = "<group>"; };
		8B29FD301BC61414000384BA /* myPasswordHD.xcdatamodel */ = {isa = PBXFileReference; lastKnownFileType = wrapper.xcdatamodel; path = myPasswordHD.xcdatamodel; sourceTree = "<group>"; };
		8B29FD321BC61414000384BA /* Assets.xcassets */ = {isa = PBXFileReference; lastKnownFileType = folder.assetcatalog; path = Assets.xcassets; sourceTree = "<group>"; };
		8B29FD351BC61414000384BA /* Base */ = {isa = PBXFileReference; lastKnownFileType = file.storyboard; name = Base; path = Base.lproj/LaunchScreen.storyboard; sourceTree = "<group>"; };
		8B29FD371BC61414000384BA /* Info.plist */ = {isa = PBXFileReference; lastKnownFileType = text.plist.xml; path = Info.plist; sourceTree = "<group>"; };
		8B29FD3C1BC61415000384BA /* myPasswordHDTests.xctest */ = {isa = PBXFileReference; explicitFileType = wrapper.cfbundle; includeInIndex = 0; path = myPasswordHDTests.xctest; sourceTree = BUILT_PRODUCTS_DIR; };
		8B29FD401BC61415000384BA /* myPasswordHDTests.swift */ = {isa = PBXFileReference; lastKnownFileType = sourcecode.swift; path = myPasswordHDTests.swift; sourceTree = "<group>"; };
		8B29FD421BC61415000384BA /* Info.plist */ = {isa = PBXFileReference; lastKnownFileType = text.plist.xml; path = Info.plist; sourceTree = "<group>"; };
		8B29FD471BC61415000384BA /* myPasswordHDUITests.xctest */ = {isa = PBXFileReference; explicitFileType = wrapper.cfbundle; includeInIndex = 0; path = myPasswordHDUITests.xctest; sourceTree = BUILT_PRODUCTS_DIR; };
		8B29FD4B1BC61415000384BA /* myPasswordHDUITests.swift */ = {isa = PBXFileReference; lastKnownFileType = sourcecode.swift; path = myPasswordHDUITests.swift; sourceTree = "<group>"; };
		8B29FD4D1BC61415000384BA /* Info.plist */ = {isa = PBXFileReference; lastKnownFileType = text.plist.xml; path = Info.plist; sourceTree = "<group>"; };
/* End PBXFileReference section */

/* Begin PBXFrameworksBuildPhase section */
		8B29FD221BC61414000384BA /* Frameworks */ = {
			isa = PBXFrameworksBuildPhase;
			buildActionMask = 2147483647;
			files = (
			);
			runOnlyForDeploymentPostprocessing = 0;
		};
		8B29FD391BC61415000384BA /* Frameworks */ = {
			isa = PBXFrameworksBuildPhase;
			buildActionMask = 2147483647;
			files = (
			);
			runOnlyForDeploymentPostprocessing = 0;
		};
		8B29FD441BC61415000384BA /* Frameworks */ = {
			isa = PBXFrameworksBuildPhase;
			buildActionMask = 2147483647;
			files = (
			);
			runOnlyForDeploymentPostprocessing = 0;
		};
/* End PBXFrameworksBuildPhase section */

/* Begin PBXGroup section */
		8B29FD1C1BC61414000384BA = {
			isa = PBXGroup;
			children = (
				8B29FD271BC61414000384BA /* myPasswordHD */,
				8B29FD3F1BC61415000384BA /* myPasswordHDTests */,
				8B29FD4A1BC61415000384BA /* myPasswordHDUITests */,
				8B29FD261BC61414000384BA /* Products */,
			);
			sourceTree = "<group>";
		};
		8B29FD261BC61414000384BA /* Products */ = {
			isa = PBXGroup;
			children = (
				8B29FD251BC61414000384BA /* myPasswordHD.app */,
				8B29FD3C1BC61415000384BA /* myPasswordHDTests.xctest */,
				8B29FD471BC61415000384BA /* myPasswordHDUITests.xctest */,
			);
			name = Products;
			sourceTree = "<group>";
		};
		8B29FD271BC61414000384BA /* myPasswordHD */ = {
			isa = PBXGroup;
			children = (
				8B29FD281BC61414000384BA /* AppDelegate.swift */,
				8B29FD2A1BC61414000384BA /* ViewController.swift */,
				8B29FD2C1BC61414000384BA /* Main.storyboard */,
				8B29FD321BC61414000384BA /* Assets.xcassets */,
				8B29FD341BC61414000384BA /* LaunchScreen.storyboard */,
				8B29FD371BC61414000384BA /* Info.plist */,
				8B29FD2F1BC61414000384BA /* myPasswordHD.xcdatamodeld */,
			);
			path = myPasswordHD;
			sourceTree = "<group>";
		};
		8B29FD3F1BC61415000384BA /* myPasswordHDTests */ = {
			isa = PBXGroup;
			children = (
				8B29FD401BC61415000384BA /* myPasswordHDTests.swift */,
				8B29FD421BC61415000384BA /* Info.plist */,
			);
			path = myPasswordHDTests;
			sourceTree = "<group>";
		};
		8B29FD4A1BC61415000384BA /* myPasswordHDUITests */ = {
			isa = PBXGroup;
			children = (
				8B29FD4B1BC61415000384BA /* myPasswordHDUITests.swift */,
				8B29FD4D1BC61415000384BA /* Info.plist */,
			);
			path = myPasswordHDUITests;
			sourceTree = "<group>";
		};
/* End PBXGroup section */

/* Begin PBXNativeTarget section */
		8B29FD241BC61414000384BA /* myPasswordHD */ = {
			isa = PBXNativeTarget;
			buildConfigurationList = 8B29FD501BC61415000384BA /* Build configuration list for PBXNativeTarget "myPasswordHD" */;
			buildPhases = (
				8B29FD211BC61414000384BA /* Sources */,
				8B29FD221BC61414000384BA /* Frameworks */,
				8B29FD231BC61414000384BA /* Resources */,
			);
			buildRules = (
			);
			dependencies = (
			);
			name = myPasswordHD;
			productName = myPasswordHD;
			productReference = 8B29FD251BC61414000384BA /* myPasswordHD.app */;
			productType = "com.apple.product-type.application";
		};
		8B29FD3B1BC61415000384BA /* myPasswordHDTests */ = {
			isa = PBXNativeTarget;
			buildConfigurationList = 8B29FD531BC61415000384BA /* Build configuration list for PBXNativeTarget "myPasswordHDTests" */;
			buildPhases = (
				8B29FD381BC61415000384BA /* Sources */,
				8B29FD391BC61415000384BA /* Frameworks */,
				8B29FD3A1BC61415000384BA /* Resources */,
			);
			buildRules = (
			);
			dependencies = (
				8B29FD3E1BC61415000384BA /* PBXTargetDependency */,
			);
			name = myPasswordHDTests;
			productName = myPasswordHDTests;
			productReference = 8B29FD3C1BC61415000384BA /* myPasswordHDTests.xctest */;
			productType = "com.apple.product-type.bundle.unit-test";
		};
		8B29FD461BC61415000384BA /* myPasswordHDUITests */ = {
			isa = PBXNativeTarget;
			buildConfigurationList = 8B29FD561BC61415000384BA /* Build configuration list for PBXNativeTarget "myPasswordHDUITests" */;
			buildPhases = (
				8B29FD431BC61415000384BA /* Sources */,
				8B29FD441BC61415000384BA /* Frameworks */,
				8B29FD451BC61415000384BA /* Resources */,
			);
			buildRules = (
			);
			dependencies = (
				8B29FD491BC61415000384BA /* PBXTargetDependency */,
			);
			name = myPasswordHDUITests;
			productName = myPasswordHDUITests;
			productReference = 8B29FD471BC61415000384BA /* myPasswordHDUITests.xctest */;
			productType = "com.apple.product-type.bundle.ui-testing";
		};
/* End PBXNativeTarget section */

/* Begin PBXProject section */
		8B29FD1D1BC61414000384BA /* Project object */ = {
			isa = PBXProject;
			attributes = {
				LastUpgradeCheck = 0700;
				ORGANIZATIONNAME = jiangfeng;
				TargetAttributes = {
					8B29FD241BC61414000384BA = {
						CreatedOnToolsVersion = 7.0.1;
					};
					8B29FD3B1BC61415000384BA = {
						CreatedOnToolsVersion = 7.0.1;
						TestTargetID = 8B29FD241BC61414000384BA;
					};
					8B29FD461BC61415000384BA = {
						CreatedOnToolsVersion = 7.0.1;
						TestTargetID = 8B29FD241BC61414000384BA;
					};
				};
			};
			buildConfigurationList = 8B29FD201BC61414000384BA /* Build configuration list for PBXProject "myPasswordHD" */;
			compatibilityVersion = "Xcode 3.2";
			developmentRegion = English;
			hasScannedForEncodings = 0;
			knownRegions = (
				en,
				Base,
			);
			mainGroup = 8B29FD1C1BC61414000384BA;
			productRefGroup = 8B29FD261BC61414000384BA /* Products */;
			projectDirPath = "";
			projectRoot = "";
			targets = (
				8B29FD241BC61414000384BA /* myPasswordHD */,
				8B29FD3B1BC61415000384BA /* myPasswordHDTests */,
				8B29FD461BC61415000384BA /* myPasswordHDUITests */,
			);
		};
/* End PBXProject section */

/* Begin PBXResourcesBuildPhase section */
		8B29FD231BC61414000384BA /* Resources */ = {
			isa = PBXResourcesBuildPhase;
			buildActionMask = 2147483647;
			files = (
				8B29FD361BC61414000384BA /* LaunchScreen.storyboard in Resources */,
				8B29FD331BC61414000384BA /* Assets.xcassets in Resources */,
				8B29FD2E1BC61414000384BA /* Main.storyboard in Resources */,
			);
			runOnlyForDeploymentPostprocessing = 0;
		};
		8B29FD3A1BC61415000384BA /* Resources */ = {
			isa = PBXResourcesBuildPhase;
			buildActionMask = 2147483647;
			files = (
			);
			runOnlyForDeploymentPostprocessing = 0;
		};
		8B29FD451BC61415000384BA /* Resources */ = {
			isa = PBXResourcesBuildPhase;
			buildActionMask = 2147483647;
			files = (
			);
			runOnlyForDeploymentPostprocessing = 0;
		};
/* End PBXResourcesBuildPhase section */

/* Begin PBXSourcesBuildPhase section */
		8B29FD211BC61414000384BA /* Sources */ = {
			isa = PBXSourcesBuildPhase;
			buildActionMask = 2147483647;
			files = (
				8B29FD311BC61414000384BA /* myPasswordHD.xcdatamodeld in Sources */,
				8B29FD2B1BC61414000384BA /* ViewController.swift in Sources */,
				8B29FD291BC61414000384BA /* AppDelegate.swift in Sources */,
			);
			runOnlyForDeploymentPostprocessing = 0;
		};
		8B29FD381BC61415000384BA /* Sources */ = {
			isa = PBXSourcesBuildPhase;
			buildActionMask = 2147483647;
			files = (
				8B29FD411BC61415000384BA /* myPasswordHDTests.swift in Sources */,
			);
			runOnlyForDeploymentPostprocessing = 0;
		};
		8B29FD431BC61415000384BA /* Sources */ = {
			isa = PBXSourcesBuildPhase;
			buildActionMask = 2147483647;
			files = (
				8B29FD4C1BC61415000384BA /* myPasswordHDUITests.swift in Sources */,
			);
			runOnlyForDeploymentPostprocessing = 0;
		};
/* End PBXSourcesBuildPhase section */

/* Begin PBXTargetDependency section */
		8B29FD3E1BC61415000384BA /* PBXTargetDependency */ = {
			isa = PBXTargetDependency;
			target = 8B29FD241BC61414000384BA /* myPasswordHD */;
			targetProxy = 8B29FD3D1BC61415000384BA /* PBXContainerItemProxy */;
		};
		8B29FD491BC61415000384BA /* PBXTargetDependency */ = {
			isa = PBXTargetDependency;
			target = 8B29FD241BC61414000384BA /* myPasswordHD */;
			targetProxy = 8B29FD481BC61415000384BA /* PBXContainerItemProxy */;
		};
/* End PBXTargetDependency section */

/* Begin PBXVariantGroup section */
		8B29FD2C1BC61414000384BA /* Main.storyboard */ = {
			isa = PBXVariantGroup;
			children = (
				8B29FD2D1BC61414000384BA /* Base */,
			);
			name = Main.storyboard;
			sourceTree = "<group>";
		};
		8B29FD341BC61414000384BA /* LaunchScreen.storyboard */ = {
			isa = PBXVariantGroup;
			children = (
				8B29FD351BC61414000384BA /* Base */,
			);
			name = LaunchScreen.storyboard;
			sourceTree = "<group>";
		};
/* End PBXVariantGroup section */

/* Begin XCBuildConfiguration section */
		8B29FD4E1BC61415000384BA /* Debug */ = {
			isa = XCBuildConfiguration;
			buildSettings = {
				ALWAYS_SEARCH_USER_PATHS = NO;
				CLANG_CXX_LANGUAGE_STANDARD = "gnu++0x";
				CLANG_CXX_LIBRARY = "libc++";
				CLANG_ENABLE_MODULES = YES;
				CLANG_ENABLE_OBJC_ARC = YES;
				CLANG_WARN_BOOL_CONVERSION = YES;
				CLANG_WARN_CONSTANT_CONVERSION = YES;
				CLANG_WARN_DIRECT_OBJC_ISA_USAGE = YES_ERROR;
				CLANG_WARN_EMPTY_BODY = YES;
				CLANG_WARN_ENUM_CONVERSION = YES;
				CLANG_WARN_INT_CONVERSION = YES;
				CLANG_WARN_OBJC_ROOT_CLASS = YES_ERROR;
				CLANG_WARN_UNREACHABLE_CODE = YES;
				CLANG_WARN__DUPLICATE_METHOD_MATCH = YES;
				"CODE_SIGN_IDENTITY[sdk=iphoneos*]" = "iPhone Developer";
				COPY_PHASE_STRIP = NO;
				DEBUG_INFORMATION_FORMAT = dwarf;
				ENABLE_STRICT_OBJC_MSGSEND = YES;
				ENABLE_TESTABILITY = YES;
				GCC_C_LANGUAGE_STANDARD = gnu99;
				GCC_DYNAMIC_NO_PIC = NO;
				GCC_NO_COMMON_BLOCKS = YES;
				GCC_OPTIMIZATION_LEVEL = 0;
				GCC_PREPROCESSOR_DEFINITIONS = (
					"DEBUG=1",
					"$(inherited)",
				);
				GCC_WARN_64_TO_32_BIT_CONVERSION = YES;
				GCC_WARN_ABOUT_RETURN_TYPE = YES_ERROR;
				GCC_WARN_UNDECLARED_SELECTOR = YES;
				GCC_WARN_UNINITIALIZED_AUTOS = YES_AGGRESSIVE;
				GCC_WARN_UNUSED_FUNCTION = YES;
				GCC_WARN_UNUSED_VARIABLE = YES;
				IPHONEOS_DEPLOYMENT_TARGET = 9.0;
				MTL_ENABLE_DEBUG_INFO = YES;
				ONLY_ACTIVE_ARCH = YES;
				SDKROOT = iphoneos;
				SWIFT_OPTIMIZATION_LEVEL = "-Onone";
				TARGETED_DEVICE_FAMILY = "1,2";
			};
			name = Debug;
		};
		8B29FD4F1BC61415000384BA /* Release */ = {
			isa = XCBuildConfiguration;
			buildSettings = {
				ALWAYS_SEARCH_USER_PATHS = NO;
				CLANG_CXX_LANGUAGE_STANDARD = "gnu++0x";
				CLANG_CXX_LIBRARY = "libc++";
				CLANG_ENABLE_MODULES = YES;
				CLANG_ENABLE_OBJC_ARC = YES;
				CLANG_WARN_BOOL_CONVERSION = YES;
				CLANG_WARN_CONSTANT_CONVERSION = YES;
				CLANG_WARN_DIRECT_OBJC_ISA_USAGE = YES_ERROR;
				CLANG_WARN_EMPTY_BODY = YES;
				CLANG_WARN_ENUM_CONVERSION = YES;
				CLANG_WARN_INT_CONVERSION = YES;
				CLANG_WARN_OBJC_ROOT_CLASS = YES_ERROR;
				CLANG_WARN_UNREACHABLE_CODE = YES;
				CLANG_WARN__DUPLICATE_METHOD_MATCH = YES;
				"CODE_SIGN_IDENTITY[sdk=iphoneos*]" = "iPhone Developer";
				COPY_PHASE_STRIP = NO;
				DEBUG_INFORMATION_FORMAT = "dwarf-with-dsym";
				ENABLE_NS_ASSERTIONS = NO;
				ENABLE_STRICT_OBJC_MSGSEND = YES;
				GCC_C_LANGUAGE_STANDARD = gnu99;
				GCC_NO_COMMON_BLOCKS = YES;
				GCC_WARN_64_TO_32_BIT_CONVERSION = YES;
				GCC_WARN_ABOUT_RETURN_TYPE = YES_ERROR;
				GCC_WARN_UNDECLARED_SELECTOR = YES;
				GCC_WARN_UNINITIALIZED_AUTOS = YES_AGGRESSIVE;
				GCC_WARN_UNUSED_FUNCTION = YES;
				GCC_WARN_UNUSED_VARIABLE = YES;
				IPHONEOS_DEPLOYMENT_TARGET = 9.0;
				MTL_ENABLE_DEBUG_INFO = NO;
				SDKROOT = iphoneos;
				TARGETED_DEVICE_FAMILY = "1,2";
				VALIDATE_PRODUCT = YES;
			};
			name = Release;
		};
		8B29FD511BC61415000384BA /* Debug */ = {
			isa = XCBuildConfiguration;
			buildSettings = {
				ASSETCATALOG_COMPILER_APPICON_NAME = AppIcon;
				INFOPLIST_FILE = myPasswordHD/Info.plist;
				LD_RUNPATH_SEARCH_PATHS = "$(inherited) @executable_path/Frameworks";
				PRODUCT_BUNDLE_IDENTIFIER = ieake.com.myPasswordHD;
				PRODUCT_NAME = "$(TARGET_NAME)";
			};
			name = Debug;
		};
		8B29FD521BC61415000384BA /* Release */ = {
			isa = XCBuildConfiguration;
			buildSettings = {
				ASSETCATALOG_COMPILER_APPICON_NAME = AppIcon;
				INFOPLIST_FILE = myPasswordHD/Info.plist;
				LD_RUNPATH_SEARCH_PATHS = "$(inherited) @executable_path/Frameworks";
				PRODUCT_BUNDLE_IDENTIFIER = ieake.com.myPasswordHD;
				PRODUCT_NAME = "$(TARGET_NAME)";
			};
			name = Release;
		};
		8B29FD541BC61415000384BA /* Debug */ = {
			isa = XCBuildConfiguration;
			buildSettings = {
				BUNDLE_LOADER = "$(TEST_HOST)";
				INFOPLIST_FILE = myPasswordHDTests/Info.plist;
				LD_RUNPATH_SEARCH_PATHS = "$(inherited) @executable_path/Frameworks @loader_path/Frameworks";
				PRODUCT_BUNDLE_IDENTIFIER = ieake.com.myPasswordHDTests;
				PRODUCT_NAME = "$(TARGET_NAME)";
				TEST_HOST = "$(BUILT_PRODUCTS_DIR)/myPasswordHD.app/myPasswordHD";
			};
			name = Debug;
		};
		8B29FD551BC61415000384BA /* Release */ = {
			isa = XCBuildConfiguration;
			buildSettings = {
				BUNDLE_LOADER = "$(TEST_HOST)";
				INFOPLIST_FILE = myPasswordHDTests/Info.plist;
				LD_RUNPATH_SEARCH_PATHS = "$(inherited) @executable_path/Frameworks @loader_path/Frameworks";
				PRODUCT_BUNDLE_IDENTIFIER = ieake.com.myPasswordHDTests;
				PRODUCT_NAME = "$(TARGET_NAME)";
				TEST_HOST = "$(BUILT_PRODUCTS_DIR)/myPasswordHD.app/myPasswordHD";
			};
			name = Release;
		};
		8B29FD571BC61415000384BA /* Debug */ = {
			isa = XCBuildConfiguration;
			buildSettings = {
				INFOPLIST_FILE = myPasswordHDUITests/Info.plist;
				LD_RUNPATH_SEARCH_PATHS = "$(inherited) @executable_path/Frameworks @loader_path/Frameworks";
				PRODUCT_BUNDLE_IDENTIFIER = ieake.com.myPasswordHDUITests;
				PRODUCT_NAME = "$(TARGET_NAME)";
				TEST_TARGET_NAME = myPasswordHD;
				USES_XCTRUNNER = YES;
			};
			name = Debug;
		};
		8B29FD581BC61415000384BA /* Release */ = {
			isa = XCBuildConfiguration;
			buildSettings = {
				INFOPLIST_FILE = myPasswordHDUITests/Info.plist;
				LD_RUNPATH_SEARCH_PATHS = "$(inherited) @executable_path/Frameworks @loader_path/Frameworks";
				PRODUCT_BUNDLE_IDENTIFIER = ieake.com.myPasswordHDUITests;
				PRODUCT_NAME = "$(TARGET_NAME)";
				TEST_TARGET_NAME = myPasswordHD;
				USES_XCTRUNNER = YES;
			};
			name = Release;
		};
/* End XCBuildConfiguration section */

/* Begin XCConfigurationList section */
		8B29FD201BC61414000384BA /* Build configuration list for PBXProject "myPasswordHD" */ = {
			isa = XCConfigurationList;
			buildConfigurations = (
				8B29FD4E1BC61415000384BA /* Debug */,
				8B29FD4F1BC61415000384BA /* Release */,
			);
			defaultConfigurationIsVisible = 0;
			defaultConfigurationName = Release;
		};
		8B29FD501BC61415000384BA /* Build configuration list for PBXNativeTarget "myPasswordHD" */ = {
			isa = XCConfigurationList;
			buildConfigurations = (
				8B29FD511BC61415000384BA /* Debug */,
				8B29FD521BC61415000384BA /* Release */,
			);
			defaultConfigurationIsVisible = 0;
		};
		8B29FD531BC61415000384BA /* Build configuration list for PBXNativeTarget "myPasswordHDTests" */ = {
			isa = XCConfigurationList;
			buildConfigurations = (
				8B29FD541BC61415000384BA /* Debug */,
				8B29FD551BC61415000384BA /* Release */,
			);
			defaultConfigurationIsVisible = 0;
		};
		8B29FD561BC61415000384BA /* Build configuration list for PBXNativeTarget "myPasswordHDUITests" */ = {
			isa = XCConfigurationList;
			buildConfigurations = (
				8B29FD571BC61415000384BA /* Debug */,
				8B29FD581BC61415000384BA /* Release */,
			);
			defaultConfigurationIsVisible = 0;
		};
/* End XCConfigurationList section */

/* Begin XCVersionGroup section */
		8B29FD2F1BC61414000384BA /* myPasswordHD.xcdatamodeld */ = {
			isa = XCVersionGroup;
			children = (
				8B29FD301BC61414000384BA /* myPasswordHD.xcdatamodel */,
			);
			currentVersion = 8B29FD301BC61414000384BA /* myPasswordHD.xcdatamodel */;
			path = myPasswordHD.xcdatamodeld;
			sourceTree = "<group>";
			versionGroupType = wrapper.xcdatamodel;
		};
/* End XCVersionGroup section */
	};
	rootObject = 8B29FD1D1BC61414000384BA /* Project object */;
}
